
Microsoft Visual Studio Solution File, Format Version 12.00
# Visual Studio 14
VisualStudioVersion = 14.0.25123.0
MinimumVisualStudioVersion = 10.0.40219.1
Project("{2150E333-8FDC-42A3-9474-1A3956D46DE8}") = "01 App", "01 App", "{90B72F38-4C9C-4C40-8A22-F4EC4777E647}"
EndProject
Project("{2150E333-8FDC-42A3-9474-1A3956D46DE8}") = "02 Service", "02 Service", "{D01B6BED-D26E-4F2B-BE33-13587C802286}"
EndProject
Project("{2150E333-8FDC-42A3-9474-1A3956D46DE8}") = "03 Repository", "03 Repository", "{912D42D8-ED8D-485D-B55C-E6F8E44865E2}"
EndProject
Project("{2150E333-8FDC-42A3-9474-1A3956D46DE8}") = "04 Model", "04 Model", "{9D307C5B-44B3-4783-8FD0-C4A6BA65942F}"
EndProject
Project("{FAE04EC0-301F-11D3-BF4B-00C04F79EFBC}") = "Model", "Model\Model.csproj", "{50679A53-F0C3-46BC-9577-E6FB9EFCEBF6}"
EndProject
Project("{FAE04EC0-301F-11D3-BF4B-00C04F79EFBC}") = "RequestModel", "RequestModel\RequestModel.csproj", "{633A1874-2D7B-4CA0-AF5A-118AE86A5664}"
EndProject
Project("{FAE04EC0-301F-11D3-BF4B-00C04F79EFBC}") = "ViewModel", "ViewModel\ViewModel.csproj", "{50622715-6A32-4751-AA03-3DC5BDAD6544}"
EndProject
Project("{FAE04EC0-301F-11D3-BF4B-00C04F79EFBC}") = "Repository", "Repository\Repository.csproj", "{ACECC4A8-8761-429E-8BC4-7BE305308DF3}"
EndProject
Global
	GlobalSection(SolutionConfigurationPlatforms) = preSolution
		Debug|Any CPU = Debug|Any CPU
		Release|Any CPU = Release|Any CPU
	EndGlobalSection
	GlobalSection(ProjectConfigurationPlatforms) = postSolution
		{50679A53-F0C3-46BC-9577-E6FB9EFCEBF6}.Debug|Any CPU.ActiveCfg = Debug|Any CPU
		{50679A53-F0C3-46BC-9577-E6FB9EFCEBF6}.Debug|Any CPU.Build.0 = Debug|Any CPU
		{50679A53-F0C3-46BC-9577-E6FB9EFCEBF6}.Release|Any CPU.ActiveCfg = Release|Any CPU
		{50679A53-F0C3-46BC-9577-E6FB9EFCEBF6}.Release|Any CPU.Build.0 = Release|Any CPU
		{633A1874-2D7B-4CA0-AF5A-118AE86A5664}.Debug|Any CPU.ActiveCfg = Debug|Any CPU
		{633A1874-2D7B-4CA0-AF5A-118AE86A5664}.Debug|Any CPU.Build.0 = Debug|Any CPU
		{633A1874-2D7B-4CA0-AF5A-118AE86A5664}.Release|Any CPU.ActiveCfg = Release|Any CPU
		{633A1874-2D7B-4CA0-AF5A-118AE86A5664}.Release|Any CPU.Build.0 = Release|Any CPU
		{50622715-6A32-4751-AA03-3DC5BDAD6544}.Debug|Any CPU.ActiveCfg = Debug|Any CPU
		{50622715-6A32-4751-AA03-3DC5BDAD6544}.Debug|Any CPU.Build.0 = Debug|Any CPU
		{50622715-6A32-4751-AA03-3DC5BDAD6544}.Release|Any CPU.ActiveCfg = Release|Any CPU
		{50622715-6A32-4751-AA03-3DC5BDAD6544}.Release|Any CPU.Build.0 = Release|Any CPU
		{ACECC4A8-8761-429E-8BC4-7BE305308DF3}.Debug|Any CPU.ActiveCfg = Debug|Any CPU
		{ACECC4A8-8761-429E-8BC4-7BE305308DF3}.Debug|Any CPU.Build.0 = Debug|Any CPU
		{ACECC4A8-8761-429E-8BC4-7BE305308DF3}.Release|Any CPU.ActiveCfg = Release|Any CPU
		{ACECC4A8-8761-429E-8BC4-7BE305308DF3}.Release|Any CPU.Build.0 = Release|Any CPU
	EndGlobalSection
	GlobalSection(SolutionProperties) = preSolution
		HideSolutionNode = FALSE
	EndGlobalSection
	GlobalSection(NestedProjects) = preSolution
		{50679A53-F0C3-46BC-9577-E6FB9EFCEBF6} = {9D307C5B-44B3-4783-8FD0-C4A6BA65942F}
		{633A1874-2D7B-4CA0-AF5A-118AE86A5664} = {9D307C5B-44B3-4783-8FD0-C4A6BA65942F}
		{50622715-6A32-4751-AA03-3DC5BDAD6544} = {9D307C5B-44B3-4783-8FD0-C4A6BA65942F}
		{ACECC4A8-8761-429E-8BC4-7BE305308DF3} = {912D42D8-ED8D-485D-B55C-E6F8E44865E2}
	EndGlobalSection
EndGlobal
